// !$*UTF8*$!
{
	archiveVersion = 1;
	classes = {
	};
	objectVersion = 46;
	objects = {

/* Begin PBXBuildFile section */
		6241881E187F265300B3797D /* Foundation.framework in Frameworks */ = {isa = PBXBuildFile; fileRef = 6241881D187F265300B3797D /* Foundation.framework */; };
		62418820187F265300B3797D /* CoreGraphics.framework in Frameworks */ = {isa = PBXBuildFile; fileRef = 6241881F187F265300B3797D /* CoreGraphics.framework */; };
		62418822187F265300B3797D /* UIKit.framework in Frameworks */ = {isa = PBXBuildFile; fileRef = 62418821187F265300B3797D /* UIKit.framework */; };
		6241883D187F265300B3797D /* XCTest.framework in Frameworks */ = {isa = PBXBuildFile; fileRef = 6241883C187F265300B3797D /* XCTest.framework */; };
		6241883E187F265300B3797D /* Foundation.framework in Frameworks */ = {isa = PBXBuildFile; fileRef = 6241881D187F265300B3797D /* Foundation.framework */; };
		6241883F187F265300B3797D /* UIKit.framework in Frameworks */ = {isa = PBXBuildFile; fileRef = 62418821187F265300B3797D /* UIKit.framework */; };
		C89DED5418E8A2890012D73E /* Acknowledgements.plist in Resources */ = {isa = PBXBuildFile; fileRef = C89DED5318E8A2890012D73E /* Acknowledgements.plist */; };
		C89DED7C18E8AAB70012D73E /* MVLoginCell.m in Sources */ = {isa = PBXBuildFile; fileRef = C89DED5818E8AAB70012D73E /* MVLoginCell.m */; };
		C89DED7D18E8AAB70012D73E /* IIViewDeckController+Notifications.m in Sources */ = {isa = PBXBuildFile; fileRef = C89DED5B18E8AAB70012D73E /* IIViewDeckController+Notifications.m */; };
		C89DED7E18E8AAB70012D73E /* UIColor+RGB.m in Sources */ = {isa = PBXBuildFile; fileRef = C89DED5D18E8AAB70012D73E /* UIColor+RGB.m */; };
		C89DED7F18E8AAB70012D73E /* MVBalance.m in Sources */ = {isa = PBXBuildFile; fileRef = C89DED6018E8AAB70012D73E /* MVBalance.m */; };
		C89DED8018E8AAB70012D73E /* MVUserData.m in Sources */ = {isa = PBXBuildFile; fileRef = C89DED6218E8AAB70012D73E /* MVUserData.m */; };
		C89DED8118E8AAB70012D73E /* MVBalanceService.m in Sources */ = {isa = PBXBuildFile; fileRef = C89DED6518E8AAB70012D73E /* MVBalanceService.m */; };
		C89DED8218E8AAB70012D73E /* MVLoginService.m in Sources */ = {isa = PBXBuildFile; fileRef = C89DED6718E8AAB70012D73E /* MVLoginService.m */; };
		C89DED8318E8AAB70012D73E /* MVRegisterService.m in Sources */ = {isa = PBXBuildFile; fileRef = C89DED6918E8AAB70012D73E /* MVRegisterService.m */; };
		C89DED8418E8AAB70012D73E /* MVTokenService.m in Sources */ = {isa = PBXBuildFile; fileRef = C89DED6B18E8AAB70012D73E /* MVTokenService.m */; };
		C89DED8518E8AAB70012D73E /* MVActivationViewController.m in Sources */ = {isa = PBXBuildFile; fileRef = C89DED6E18E8AAB70012D73E /* MVActivationViewController.m */; };
		C89DED8618E8AAB70012D73E /* MVActivationViewController.xib in Resources */ = {isa = PBXBuildFile; fileRef = C89DED6F18E8AAB70012D73E /* MVActivationViewController.xib */; };
		C89DED8718E8AAB70012D73E /* MVBalanceViewController.m in Sources */ = {isa = PBXBuildFile; fileRef = C89DED7118E8AAB70012D73E /* MVBalanceViewController.m */; };
		C89DED8818E8AAB70012D73E /* MVBalanceViewController.xib in Resources */ = {isa = PBXBuildFile; fileRef = C89DED7218E8AAB70012D73E /* MVBalanceViewController.xib */; };
		C89DED8918E8AAB70012D73E /* MVDisclaimerTableViewController.m in Sources */ = {isa = PBXBuildFile; fileRef = C89DED7418E8AAB70012D73E /* MVDisclaimerTableViewController.m */; };
		C89DED8A18E8AAB70012D73E /* MVDisclaimerTableViewController.xib in Resources */ = {isa = PBXBuildFile; fileRef = C89DED7518E8AAB70012D73E /* MVDisclaimerTableViewController.xib */; };
		C89DED8B18E8AAB70012D73E /* MVPinViewController.m in Sources */ = {isa = PBXBuildFile; fileRef = C89DED7718E8AAB70012D73E /* MVPinViewController.m */; };
		C89DED8C18E8AAB70012D73E /* MVPinViewController.xib in Resources */ = {isa = PBXBuildFile; fileRef = C89DED7818E8AAB70012D73E /* MVPinViewController.xib */; };
		C89DED8D18E8AAB70012D73E /* MVSideBarViewController.m in Sources */ = {isa = PBXBuildFile; fileRef = C89DED7A18E8AAB70012D73E /* MVSideBarViewController.m */; };
		C89DED8E18E8AAB70012D73E /* MVSideBarViewController.xib in Resources */ = {isa = PBXBuildFile; fileRef = C89DED7B18E8AAB70012D73E /* MVSideBarViewController.xib */; };
		C89DED9118E8AAD80012D73E /* MVAppDelegate.m in Sources */ = {isa = PBXBuildFile; fileRef = C89DED9018E8AAD80012D73E /* MVAppDelegate.m */; };
		C89DED9318E8AAE60012D73E /* Images.xcassets in Resources */ = {isa = PBXBuildFile; fileRef = C89DED9218E8AAE60012D73E /* Images.xcassets */; };
		C89DED9818E8AB500012D73E /* main.m in Sources */ = {isa = PBXBuildFile; fileRef = C89DED9718E8AB500012D73E /* main.m */; };
		C89DEDA018E92E6A0012D73E /* DrakkarTests-Info.plist in Resources */ = {isa = PBXBuildFile; fileRef = C89DED9F18E92E6A0012D73E /* DrakkarTests-Info.plist */; };
		C89DEDA118E92E830012D73E /* DrakarTests.m in Sources */ = {isa = PBXBuildFile; fileRef = C89DED9D18E92E610012D73E /* DrakarTests.m */; };
		C89DEDB818E92F2A0012D73E /* Apache License.txt in Resources */ = {isa = PBXBuildFile; fileRef = C89DEDA418E92F2A0012D73E /* Apache License.txt */; };
		C89DEDB918E92F2A0012D73E /* LICENSE in Resources */ = {isa = PBXBuildFile; fileRef = C89DEDA518E92F2A0012D73E /* LICENSE */; };
		C89DEDBA18E92F2A0012D73E /* Roboto-Black.ttf in Resources */ = {isa = PBXBuildFile; fileRef = C89DEDA618E92F2A0012D73E /* Roboto-Black.ttf */; };
		C89DEDBB18E92F2A0012D73E /* Roboto-BlackItalic.ttf in Resources */ = {isa = PBXBuildFile; fileRef = C89DEDA718E92F2A0012D73E /* Roboto-BlackItalic.ttf */; };
		C89DEDBC18E92F2A0012D73E /* Roboto-Bold.ttf in Resources */ = {isa = PBXBuildFile; fileRef = C89DEDA818E92F2A0012D73E /* Roboto-Bold.ttf */; };
		C89DEDBD18E92F2A0012D73E /* Roboto-BoldItalic.ttf in Resources */ = {isa = PBXBuildFile; fileRef = C89DEDA918E92F2A0012D73E /* Roboto-BoldItalic.ttf */; };
		C89DEDBE18E92F2A0012D73E /* Roboto-Italic.ttf in Resources */ = {isa = PBXBuildFile; fileRef = C89DEDAA18E92F2A0012D73E /* Roboto-Italic.ttf */; };
		C89DEDBF18E92F2A0012D73E /* Roboto-Light.ttf in Resources */ = {isa = PBXBuildFile; fileRef = C89DEDAB18E92F2A0012D73E /* Roboto-Light.ttf */; };
		C89DEDC018E92F2A0012D73E /* Roboto-LightItalic.ttf in Resources */ = {isa = PBXBuildFile; fileRef = C89DEDAC18E92F2A0012D73E /* Roboto-LightItalic.ttf */; };
		C89DEDC118E92F2A0012D73E /* Roboto-Medium.ttf in Resources */ = {isa = PBXBuildFile; fileRef = C89DEDAD18E92F2A0012D73E /* Roboto-Medium.ttf */; };
		C89DEDC218E92F2A0012D73E /* Roboto-MediumItalic.ttf in Resources */ = {isa = PBXBuildFile; fileRef = C89DEDAE18E92F2A0012D73E /* Roboto-MediumItalic.ttf */; };
		C89DEDC318E92F2A0012D73E /* Roboto-Regular.ttf in Resources */ = {isa = PBXBuildFile; fileRef = C89DEDAF18E92F2A0012D73E /* Roboto-Regular.ttf */; };
		C89DEDC418E92F2A0012D73E /* Roboto-Thin.ttf in Resources */ = {isa = PBXBuildFile; fileRef = C89DEDB018E92F2A0012D73E /* Roboto-Thin.ttf */; };
		C89DEDC518E92F2A0012D73E /* Roboto-ThinItalic.ttf in Resources */ = {isa = PBXBuildFile; fileRef = C89DEDB118E92F2A0012D73E /* Roboto-ThinItalic.ttf */; };
		C89DEDC618E92F2A0012D73E /* RobotoCondensed-Bold.ttf in Resources */ = {isa = PBXBuildFile; fileRef = C89DEDB218E92F2A0012D73E /* RobotoCondensed-Bold.ttf */; };
		C89DEDC718E92F2A0012D73E /* RobotoCondensed-BoldItalic.ttf in Resources */ = {isa = PBXBuildFile; fileRef = C89DEDB318E92F2A0012D73E /* RobotoCondensed-BoldItalic.ttf */; };
		C89DEDC818E92F2A0012D73E /* RobotoCondensed-Italic.ttf in Resources */ = {isa = PBXBuildFile; fileRef = C89DEDB418E92F2A0012D73E /* RobotoCondensed-Italic.ttf */; };
		C89DEDC918E92F2A0012D73E /* RobotoCondensed-Light.ttf in Resources */ = {isa = PBXBuildFile; fileRef = C89DEDB518E92F2A0012D73E /* RobotoCondensed-Light.ttf */; };
		C89DEDCA18E92F2A0012D73E /* RobotoCondensed-LightItalic.ttf in Resources */ = {isa = PBXBuildFile; fileRef = C89DEDB618E92F2A0012D73E /* RobotoCondensed-LightItalic.ttf */; };
		C89DEDCB18E92F2A0012D73E /* RobotoCondensed-Regular.ttf in Resources */ = {isa = PBXBuildFile; fileRef = C89DEDB718E92F2A0012D73E /* RobotoCondensed-Regular.ttf */; };
		E0158D3F280C46B588E0E4C5 /* libPods.a in Frameworks */ = {isa = PBXBuildFile; fileRef = 92325C8BF0F04FCFB3D5DD31 /* libPods.a */; };
/* End PBXBuildFile section */

/* Begin PBXContainerItemProxy section */
		62418840187F265300B3797D /* PBXContainerItemProxy */ = {
			isa = PBXContainerItemProxy;
			containerPortal = 62418812187F265200B3797D /* Project object */;
			proxyType = 1;
			remoteGlobalIDString = 62418819187F265300B3797D;
			remoteInfo = "Mobile Vikings";
		};
/* End PBXContainerItemProxy section */

/* Begin PBXFileReference section */
		6241881A187F265300B3797D /* Drakar.app */ = {isa = PBXFileReference; explicitFileType = wrapper.application; includeInIndex = 0; path = Drakar.app; sourceTree = BUILT_PRODUCTS_DIR; };
		6241881D187F265300B3797D /* Foundation.framework */ = {isa = PBXFileReference; lastKnownFileType = wrapper.framework; name = Foundation.framework; path = System/Library/Frameworks/Foundation.framework; sourceTree = SDKROOT; };
		6241881F187F265300B3797D /* CoreGraphics.framework */ = {isa = PBXFileReference; lastKnownFileType = wrapper.framework; name = CoreGraphics.framework; path = System/Library/Frameworks/CoreGraphics.framework; sourceTree = SDKROOT; };
		62418821187F265300B3797D /* UIKit.framework */ = {isa = PBXFileReference; lastKnownFileType = wrapper.framework; name = UIKit.framework; path = System/Library/Frameworks/UIKit.framework; sourceTree = SDKROOT; };
		6241883B187F265300B3797D /* DrakarTest.xctest */ = {isa = PBXFileReference; explicitFileType = wrapper.cfbundle; includeInIndex = 0; path = DrakarTest.xctest; sourceTree = BUILT_PRODUCTS_DIR; };
		6241883C187F265300B3797D /* XCTest.framework */ = {isa = PBXFileReference; lastKnownFileType = wrapper.framework; name = XCTest.framework; path = Library/Frameworks/XCTest.framework; sourceTree = DEVELOPER_DIR; };
		92325C8BF0F04FCFB3D5DD31 /* libPods.a */ = {isa = PBXFileReference; explicitFileType = archive.ar; includeInIndex = 0; path = libPods.a; sourceTree = BUILT_PRODUCTS_DIR; };
		C89DED5318E8A2890012D73E /* Acknowledgements.plist */ = {isa = PBXFileReference; fileEncoding = 4; lastKnownFileType = text.plist.xml; path = Acknowledgements.plist; sourceTree = "<group>"; };
		C89DED5718E8AAB70012D73E /* MVLoginCell.h */ = {isa = PBXFileReference; fileEncoding = 4; lastKnownFileType = sourcecode.c.h; path = MVLoginCell.h; sourceTree = "<group>"; };
		C89DED5818E8AAB70012D73E /* MVLoginCell.m */ = {isa = PBXFileReference; fileEncoding = 4; lastKnownFileType = sourcecode.c.objc; path = MVLoginCell.m; sourceTree = "<group>"; };
		C89DED5A18E8AAB70012D73E /* IIViewDeckController+Notifications.h */ = {isa = PBXFileReference; fileEncoding = 4; lastKnownFileType = sourcecode.c.h; path = "IIViewDeckController+Notifications.h"; sourceTree = "<group>"; };
		C89DED5B18E8AAB70012D73E /* IIViewDeckController+Notifications.m */ = {isa = PBXFileReference; fileEncoding = 4; lastKnownFileType = sourcecode.c.objc; path = "IIViewDeckController+Notifications.m"; sourceTree = "<group>"; };
		C89DED5C18E8AAB70012D73E /* UIColor+RGB.h */ = {isa = PBXFileReference; fileEncoding = 4; lastKnownFileType = sourcecode.c.h; path = "UIColor+RGB.h"; sourceTree = "<group>"; };
		C89DED5D18E8AAB70012D73E /* UIColor+RGB.m */ = {isa = PBXFileReference; fileEncoding = 4; lastKnownFileType = sourcecode.c.objc; path = "UIColor+RGB.m"; sourceTree = "<group>"; };
		C89DED5F18E8AAB70012D73E /* MVBalance.h */ = {isa = PBXFileReference; fileEncoding = 4; lastKnownFileType = sourcecode.c.h; path = MVBalance.h; sourceTree = "<group>"; };
		C89DED6018E8AAB70012D73E /* MVBalance.m */ = {isa = PBXFileReference; fileEncoding = 4; lastKnownFileType = sourcecode.c.objc; path = MVBalance.m; sourceTree = "<group>"; };
		C89DED6118E8AAB70012D73E /* MVUserData.h */ = {isa = PBXFileReference; fileEncoding = 4; lastKnownFileType = sourcecode.c.h; path = MVUserData.h; sourceTree = "<group>"; };
		C89DED6218E8AAB70012D73E /* MVUserData.m */ = {isa = PBXFileReference; fileEncoding = 4; lastKnownFileType = sourcecode.c.objc; path = MVUserData.m; sourceTree = "<group>"; };
		C89DED6418E8AAB70012D73E /* MVBalanceService.h */ = {isa = PBXFileReference; fileEncoding = 4; lastKnownFileType = sourcecode.c.h; path = MVBalanceService.h; sourceTree = "<group>"; };
		C89DED6518E8AAB70012D73E /* MVBalanceService.m */ = {isa = PBXFileReference; fileEncoding = 4; lastKnownFileType = sourcecode.c.objc; path = MVBalanceService.m; sourceTree = "<group>"; };
		C89DED6618E8AAB70012D73E /* MVLoginService.h */ = {isa = PBXFileReference; fileEncoding = 4; lastKnownFileType = sourcecode.c.h; path = MVLoginService.h; sourceTree = "<group>"; };
		C89DED6718E8AAB70012D73E /* MVLoginService.m */ = {isa = PBXFileReference; fileEncoding = 4; lastKnownFileType = sourcecode.c.objc; path = MVLoginService.m; sourceTree = "<group>"; };
		C89DED6818E8AAB70012D73E /* MVRegisterService.h */ = {isa = PBXFileReference; fileEncoding = 4; lastKnownFileType = sourcecode.c.h; path = MVRegisterService.h; sourceTree = "<group>"; };
		C89DED6918E8AAB70012D73E /* MVRegisterService.m */ = {isa = PBXFileReference; fileEncoding = 4; lastKnownFileType = sourcecode.c.objc; path = MVRegisterService.m; sourceTree = "<group>"; };
		C89DED6A18E8AAB70012D73E /* MVTokenService.h */ = {isa = PBXFileReference; fileEncoding = 4; lastKnownFileType = sourcecode.c.h; path = MVTokenService.h; sourceTree = "<group>"; };
		C89DED6B18E8AAB70012D73E /* MVTokenService.m */ = {isa = PBXFileReference; fileEncoding = 4; lastKnownFileType = sourcecode.c.objc; path = MVTokenService.m; sourceTree = "<group>"; };
		C89DED6D18E8AAB70012D73E /* MVActivationViewController.h */ = {isa = PBXFileReference; fileEncoding = 4; lastKnownFileType = sourcecode.c.h; path = MVActivationViewController.h; sourceTree = "<group>"; };
		C89DED6E18E8AAB70012D73E /* MVActivationViewController.m */ = {isa = PBXFileReference; fileEncoding = 4; lastKnownFileType = sourcecode.c.objc; path = MVActivationViewController.m; sourceTree = "<group>"; };
		C89DED6F18E8AAB70012D73E /* MVActivationViewController.xib */ = {isa = PBXFileReference; fileEncoding = 4; lastKnownFileType = file.xib; path = MVActivationViewController.xib; sourceTree = "<group>"; };
		C89DED7018E8AAB70012D73E /* MVBalanceViewController.h */ = {isa = PBXFileReference; fileEncoding = 4; lastKnownFileType = sourcecode.c.h; path = MVBalanceViewController.h; sourceTree = "<group>"; };
		C89DED7118E8AAB70012D73E /* MVBalanceViewController.m */ = {isa = PBXFileReference; fileEncoding = 4; lastKnownFileType = sourcecode.c.objc; path = MVBalanceViewController.m; sourceTree = "<group>"; };
		C89DED7218E8AAB70012D73E /* MVBalanceViewController.xib */ = {isa = PBXFileReference; fileEncoding = 4; lastKnownFileType = file.xib; path = MVBalanceViewController.xib; sourceTree = "<group>"; };
		C89DED7318E8AAB70012D73E /* MVDisclaimerTableViewController.h */ = {isa = PBXFileReference; fileEncoding = 4; lastKnownFileType = sourcecode.c.h; path = MVDisclaimerTableViewController.h; sourceTree = "<group>"; };
		C89DED7418E8AAB70012D73E /* MVDisclaimerTableViewController.m */ = {isa = PBXFileReference; fileEncoding = 4; lastKnownFileType = sourcecode.c.objc; path = MVDisclaimerTableViewController.m; sourceTree = "<group>"; };
		C89DED7518E8AAB70012D73E /* MVDisclaimerTableViewController.xib */ = {isa = PBXFileReference; fileEncoding = 4; lastKnownFileType = file.xib; path = MVDisclaimerTableViewController.xib; sourceTree = "<group>"; };
		C89DED7618E8AAB70012D73E /* MVPinViewController.h */ = {isa = PBXFileReference; fileEncoding = 4; lastKnownFileType = sourcecode.c.h; path = MVPinViewController.h; sourceTree = "<group>"; };
		C89DED7718E8AAB70012D73E /* MVPinViewController.m */ = {isa = PBXFileReference; fileEncoding = 4; lastKnownFileType = sourcecode.c.objc; path = MVPinViewController.m; sourceTree = "<group>"; };
		C89DED7818E8AAB70012D73E /* MVPinViewController.xib */ = {isa = PBXFileReference; fileEncoding = 4; lastKnownFileType = file.xib; path = MVPinViewController.xib; sourceTree = "<group>"; };
		C89DED7918E8AAB70012D73E /* MVSideBarViewController.h */ = {isa = PBXFileReference; fileEncoding = 4; lastKnownFileType = sourcecode.c.h; path = MVSideBarViewController.h; sourceTree = "<group>"; };
		C89DED7A18E8AAB70012D73E /* MVSideBarViewController.m */ = {isa = PBXFileReference; fileEncoding = 4; lastKnownFileType = sourcecode.c.objc; path = MVSideBarViewController.m; sourceTree = "<group>"; };
		C89DED7B18E8AAB70012D73E /* MVSideBarViewController.xib */ = {isa = PBXFileReference; fileEncoding = 4; lastKnownFileType = file.xib; path = MVSideBarViewController.xib; sourceTree = "<group>"; };
		C89DED8F18E8AAD80012D73E /* MVAppDelegate.h */ = {isa = PBXFileReference; fileEncoding = 4; lastKnownFileType = sourcecode.c.h; path = MVAppDelegate.h; sourceTree = "<group>"; };
		C89DED9018E8AAD80012D73E /* MVAppDelegate.m */ = {isa = PBXFileReference; fileEncoding = 4; lastKnownFileType = sourcecode.c.objc; path = MVAppDelegate.m; sourceTree = "<group>"; };
		C89DED9218E8AAE60012D73E /* Images.xcassets */ = {isa = PBXFileReference; lastKnownFileType = folder.assetcatalog; name = Images.xcassets; path = Drakar/Images.xcassets; sourceTree = SOURCE_ROOT; };
		C89DED9418E8AB450012D73E /* Drakkar-Info.plist */ = {isa = PBXFileReference; fileEncoding = 4; lastKnownFileType = text.plist.xml; name = "Drakkar-Info.plist"; path = "Drakar/Drakkar-Info.plist"; sourceTree = SOURCE_ROOT; };
		C89DED9518E8AB450012D73E /* Drakkar-Prefix.pch */ = {isa = PBXFileReference; fileEncoding = 4; lastKnownFileType = sourcecode.c.h; name = "Drakkar-Prefix.pch"; path = "Drakar/Drakkar-Prefix.pch"; sourceTree = SOURCE_ROOT; };
		C89DED9718E8AB500012D73E /* main.m */ = {isa = PBXFileReference; fileEncoding = 4; lastKnownFileType = sourcecode.c.objc; name = main.m; path = Drakar/main.m; sourceTree = SOURCE_ROOT; };
		C89DED9D18E92E610012D73E /* DrakarTests.m */ = {isa = PBXFileReference; fileEncoding = 4; lastKnownFileType = sourcecode.c.objc; name = DrakarTests.m; path = DrakarTests/DrakarTests.m; sourceTree = SOURCE_ROOT; };
		C89DED9F18E92E6A0012D73E /* DrakkarTests-Info.plist */ = {isa = PBXFileReference; fileEncoding = 4; lastKnownFileType = text.plist.xml; name = "DrakkarTests-Info.plist"; path = "DrakarTests/DrakkarTests-Info.plist"; sourceTree = SOURCE_ROOT; };
		C89DEDA418E92F2A0012D73E /* Apache License.txt */ = {isa = PBXFileReference; fileEncoding = 4; lastKnownFileType = text; path = "Apache License.txt"; sourceTree = "<group>"; };
		C89DEDA518E92F2A0012D73E /* LICENSE */ = {isa = PBXFileReference; fileEncoding = 4; lastKnownFileType = text; path = LICENSE; sourceTree = "<group>"; };
		C89DEDA618E92F2A0012D73E /* Roboto-Black.ttf */ = {isa = PBXFileReference; lastKnownFileType = file; path = "Roboto-Black.ttf"; sourceTree = "<group>"; };
		C89DEDA718E92F2A0012D73E /* Roboto-BlackItalic.ttf */ = {isa = PBXFileReference; lastKnownFileType = file; path = "Roboto-BlackItalic.ttf"; sourceTree = "<group>"; };
		C89DEDA818E92F2A0012D73E /* Roboto-Bold.ttf */ = {isa = PBXFileReference; lastKnownFileType = file; path = "Roboto-Bold.ttf"; sourceTree = "<group>"; };
		C89DEDA918E92F2A0012D73E /* Roboto-BoldItalic.ttf */ = {isa = PBXFileReference; lastKnownFileType = file; path = "Roboto-BoldItalic.ttf"; sourceTree = "<group>"; };
		C89DEDAA18E92F2A0012D73E /* Roboto-Italic.ttf */ = {isa = PBXFileReference; lastKnownFileType = file; path = "Roboto-Italic.ttf"; sourceTree = "<group>"; };
		C89DEDAB18E92F2A0012D73E /* Roboto-Light.ttf */ = {isa = PBXFileReference; lastKnownFileType = file; path = "Roboto-Light.ttf"; sourceTree = "<group>"; };
		C89DEDAC18E92F2A0012D73E /* Roboto-LightItalic.ttf */ = {isa = PBXFileReference; lastKnownFileType = file; path = "Roboto-LightItalic.ttf"; sourceTree = "<group>"; };
		C89DEDAD18E92F2A0012D73E /* Roboto-Medium.ttf */ = {isa = PBXFileReference; lastKnownFileType = file; path = "Roboto-Medium.ttf"; sourceTree = "<group>"; };
		C89DEDAE18E92F2A0012D73E /* Roboto-MediumItalic.ttf */ = {isa = PBXFileReference; lastKnownFileType = file; path = "Roboto-MediumItalic.ttf"; sourceTree = "<group>"; };
		C89DEDAF18E92F2A0012D73E /* Roboto-Regular.ttf */ = {isa = PBXFileReference; lastKnownFileType = file; path = "Roboto-Regular.ttf"; sourceTree = "<group>"; };
		C89DEDB018E92F2A0012D73E /* Roboto-Thin.ttf */ = {isa = PBXFileReference; lastKnownFileType = file; path = "Roboto-Thin.ttf"; sourceTree = "<group>"; };
		C89DEDB118E92F2A0012D73E /* Roboto-ThinItalic.ttf */ = {isa = PBXFileReference; lastKnownFileType = file; path = "Roboto-ThinItalic.ttf"; sourceTree = "<group>"; };
		C89DEDB218E92F2A0012D73E /* RobotoCondensed-Bold.ttf */ = {isa = PBXFileReference; lastKnownFileType = file; path = "RobotoCondensed-Bold.ttf"; sourceTree = "<group>"; };
		C89DEDB318E92F2A0012D73E /* RobotoCondensed-BoldItalic.ttf */ = {isa = PBXFileReference; lastKnownFileType = file; path = "RobotoCondensed-BoldItalic.ttf"; sourceTree = "<group>"; };
		C89DEDB418E92F2A0012D73E /* RobotoCondensed-Italic.ttf */ = {isa = PBXFileReference; lastKnownFileType = file; path = "RobotoCondensed-Italic.ttf"; sourceTree = "<group>"; };
		C89DEDB518E92F2A0012D73E /* RobotoCondensed-Light.ttf */ = {isa = PBXFileReference; lastKnownFileType = file; path = "RobotoCondensed-Light.ttf"; sourceTree = "<group>"; };
		C89DEDB618E92F2A0012D73E /* RobotoCondensed-LightItalic.ttf */ = {isa = PBXFileReference; lastKnownFileType = file; path = "RobotoCondensed-LightItalic.ttf"; sourceTree = "<group>"; };
		C89DEDB718E92F2A0012D73E /* RobotoCondensed-Regular.ttf */ = {isa = PBXFileReference; lastKnownFileType = file; path = "RobotoCondensed-Regular.ttf"; sourceTree = "<group>"; };
		D2259AFAB9CE4086AD1B7158 /* Pods.xcconfig */ = {isa = PBXFileReference; includeInIndex = 1; lastKnownFileType = text.xcconfig; name = Pods.xcconfig; path = Pods/Pods.xcconfig; sourceTree = "<group>"; };
/* End PBXFileReference section */

/* Begin PBXFrameworksBuildPhase section */
		62418817187F265300B3797D /* Frameworks */ = {
			isa = PBXFrameworksBuildPhase;
			buildActionMask = 2147483647;
			files = (
				62418820187F265300B3797D /* CoreGraphics.framework in Frameworks */,
				62418822187F265300B3797D /* UIKit.framework in Frameworks */,
				6241881E187F265300B3797D /* Foundation.framework in Frameworks */,
				E0158D3F280C46B588E0E4C5 /* libPods.a in Frameworks */,
			);
			runOnlyForDeploymentPostprocessing = 0;
		};
		62418838187F265300B3797D /* Frameworks */ = {
			isa = PBXFrameworksBuildPhase;
			buildActionMask = 2147483647;
			files = (
				6241883D187F265300B3797D /* XCTest.framework in Frameworks */,
				6241883F187F265300B3797D /* UIKit.framework in Frameworks */,
				6241883E187F265300B3797D /* Foundation.framework in Frameworks */,
			);
			runOnlyForDeploymentPostprocessing = 0;
		};
/* End PBXFrameworksBuildPhase section */

/* Begin PBXGroup section */
		62418811187F265200B3797D = {
			isa = PBXGroup;
			children = (
				62418823187F265300B3797D /* Drakar */,
				62418842187F265300B3797D /* DrakarTests */,
				6241881C187F265300B3797D /* Frameworks */,
				6241881B187F265300B3797D /* Products */,
				D2259AFAB9CE4086AD1B7158 /* Pods.xcconfig */,
			);
			sourceTree = "<group>";
		};
		6241881B187F265300B3797D /* Products */ = {
			isa = PBXGroup;
			children = (
				6241881A187F265300B3797D /* Drakar.app */,
				6241883B187F265300B3797D /* DrakarTest.xctest */,
			);
			name = Products;
			sourceTree = "<group>";
		};
		6241881C187F265300B3797D /* Frameworks */ = {
			isa = PBXGroup;
			children = (
				6241881D187F265300B3797D /* Foundation.framework */,
				6241881F187F265300B3797D /* CoreGraphics.framework */,
				62418821187F265300B3797D /* UIKit.framework */,
				6241883C187F265300B3797D /* XCTest.framework */,
				92325C8BF0F04FCFB3D5DD31 /* libPods.a */,
			);
			name = Frameworks;
			sourceTree = "<group>";
		};
		62418823187F265300B3797D /* Drakar */ = {
			isa = PBXGroup;
			children = (
				C89DED5518E8AAB70012D73E /* Classes */,
				C89DED5218E8A2890012D73E /* Resources */,
				62418824187F265300B3797D /* Supporting Files */,
			);
			name = Drakar;
			path = "Mobile Vikings";
			sourceTree = "<group>";
		};
		62418824187F265300B3797D /* Supporting Files */ = {
			isa = PBXGroup;
			children = (
				C89DED9718E8AB500012D73E /* main.m */,
				C89DED9418E8AB450012D73E /* Drakkar-Info.plist */,
				C89DED9518E8AB450012D73E /* Drakkar-Prefix.pch */,
			);
			name = "Supporting Files";
			sourceTree = "<group>";
		};
		62418842187F265300B3797D /* DrakarTests */ = {
			isa = PBXGroup;
			children = (
				C89DED9D18E92E610012D73E /* DrakarTests.m */,
				62418843187F265300B3797D /* Supporting Files */,
			);
			name = DrakarTests;
			path = "Mobile VikingsTests";
			sourceTree = "<group>";
		};
		62418843187F265300B3797D /* Supporting Files */ = {
			isa = PBXGroup;
			children = (
				C89DED9F18E92E6A0012D73E /* DrakkarTests-Info.plist */,
			);
			name = "Supporting Files";
			sourceTree = "<group>";
		};
		C89DED5218E8A2890012D73E /* Resources */ = {
			isa = PBXGroup;
			children = (
				C89DEDA218E92F2A0012D73E /* Fonts */,
				C89DED9218E8AAE60012D73E /* Images.xcassets */,
				C89DED5318E8A2890012D73E /* Acknowledgements.plist */,
			);
			name = Resources;
			path = Drakar/Resources;
			sourceTree = SOURCE_ROOT;
		};
		C89DED5518E8AAB70012D73E /* Classes */ = {
			isa = PBXGroup;
			children = (
				C89DED8F18E8AAD80012D73E /* MVAppDelegate.h */,
				C89DED9018E8AAD80012D73E /* MVAppDelegate.m */,
				C89DED5618E8AAB70012D73E /* Custom UI */,
				C89DED5918E8AAB70012D73E /* Helper */,
				C89DED5E18E8AAB70012D73E /* Model */,
				C89DED6318E8AAB70012D73E /* Service */,
				C89DED6C18E8AAB70012D73E /* Views */,
			);
			name = Classes;
			path = Drakar/Classes;
			sourceTree = SOURCE_ROOT;
		};
		C89DED5618E8AAB70012D73E /* Custom UI */ = {
			isa = PBXGroup;
			children = (
				C89DED5718E8AAB70012D73E /* MVLoginCell.h */,
				C89DED5818E8AAB70012D73E /* MVLoginCell.m */,
			);
			path = "Custom UI";
			sourceTree = "<group>";
		};
		C89DED5918E8AAB70012D73E /* Helper */ = {
			isa = PBXGroup;
			children = (
				C89DED5A18E8AAB70012D73E /* IIViewDeckController+Notifications.h */,
				C89DED5B18E8AAB70012D73E /* IIViewDeckController+Notifications.m */,
				C89DED5C18E8AAB70012D73E /* UIColor+RGB.h */,
				C89DED5D18E8AAB70012D73E /* UIColor+RGB.m */,
			);
			path = Helper;
			sourceTree = "<group>";
		};
		C89DED5E18E8AAB70012D73E /* Model */ = {
			isa = PBXGroup;
			children = (
				C89DED5F18E8AAB70012D73E /* MVBalance.h */,
				C89DED6018E8AAB70012D73E /* MVBalance.m */,
				C89DED6118E8AAB70012D73E /* MVUserData.h */,
				C89DED6218E8AAB70012D73E /* MVUserData.m */,
			);
			path = Model;
			sourceTree = "<group>";
		};
		C89DED6318E8AAB70012D73E /* Service */ = {
			isa = PBXGroup;
			children = (
				C89DED6418E8AAB70012D73E /* MVBalanceService.h */,
				C89DED6518E8AAB70012D73E /* MVBalanceService.m */,
				C89DED6618E8AAB70012D73E /* MVLoginService.h */,
				C89DED6718E8AAB70012D73E /* MVLoginService.m */,
				C89DED6818E8AAB70012D73E /* MVRegisterService.h */,
				C89DED6918E8AAB70012D73E /* MVRegisterService.m */,
				C89DED6A18E8AAB70012D73E /* MVTokenService.h */,
				C89DED6B18E8AAB70012D73E /* MVTokenService.m */,
			);
			path = Service;
			sourceTree = "<group>";
		};
		C89DED6C18E8AAB70012D73E /* Views */ = {
			isa = PBXGroup;
			children = (
				C89DED6D18E8AAB70012D73E /* MVActivationViewController.h */,
				C89DED6E18E8AAB70012D73E /* MVActivationViewController.m */,
				C89DED6F18E8AAB70012D73E /* MVActivationViewController.xib */,
				C89DED7018E8AAB70012D73E /* MVBalanceViewController.h */,
				C89DED7118E8AAB70012D73E /* MVBalanceViewController.m */,
				C89DED7218E8AAB70012D73E /* MVBalanceViewController.xib */,
				C89DED7318E8AAB70012D73E /* MVDisclaimerTableViewController.h */,
				C89DED7418E8AAB70012D73E /* MVDisclaimerTableViewController.m */,
				C89DED7518E8AAB70012D73E /* MVDisclaimerTableViewController.xib */,
				C89DED7618E8AAB70012D73E /* MVPinViewController.h */,
				C89DED7718E8AAB70012D73E /* MVPinViewController.m */,
				C89DED7818E8AAB70012D73E /* MVPinViewController.xib */,
				C89DED7918E8AAB70012D73E /* MVSideBarViewController.h */,
				C89DED7A18E8AAB70012D73E /* MVSideBarViewController.m */,
				C89DED7B18E8AAB70012D73E /* MVSideBarViewController.xib */,
			);
			path = Views;
			sourceTree = "<group>";
		};
		C89DEDA218E92F2A0012D73E /* Fonts */ = {
			isa = PBXGroup;
			children = (
				C89DEDA318E92F2A0012D73E /* Roboto */,
			);
			path = Fonts;
			sourceTree = "<group>";
		};
		C89DEDA318E92F2A0012D73E /* Roboto */ = {
			isa = PBXGroup;
			children = (
				C89DEDA418E92F2A0012D73E /* Apache License.txt */,
				C89DEDA518E92F2A0012D73E /* LICENSE */,
				C89DEDA618E92F2A0012D73E /* Roboto-Black.ttf */,
				C89DEDA718E92F2A0012D73E /* Roboto-BlackItalic.ttf */,
				C89DEDA818E92F2A0012D73E /* Roboto-Bold.ttf */,
				C89DEDA918E92F2A0012D73E /* Roboto-BoldItalic.ttf */,
				C89DEDAA18E92F2A0012D73E /* Roboto-Italic.ttf */,
				C89DEDAB18E92F2A0012D73E /* Roboto-Light.ttf */,
				C89DEDAC18E92F2A0012D73E /* Roboto-LightItalic.ttf */,
				C89DEDAD18E92F2A0012D73E /* Roboto-Medium.ttf */,
				C89DEDAE18E92F2A0012D73E /* Roboto-MediumItalic.ttf */,
				C89DEDAF18E92F2A0012D73E /* Roboto-Regular.ttf */,
				C89DEDB018E92F2A0012D73E /* Roboto-Thin.ttf */,
				C89DEDB118E92F2A0012D73E /* Roboto-ThinItalic.ttf */,
				C89DEDB218E92F2A0012D73E /* RobotoCondensed-Bold.ttf */,
				C89DEDB318E92F2A0012D73E /* RobotoCondensed-BoldItalic.ttf */,
				C89DEDB418E92F2A0012D73E /* RobotoCondensed-Italic.ttf */,
				C89DEDB518E92F2A0012D73E /* RobotoCondensed-Light.ttf */,
				C89DEDB618E92F2A0012D73E /* RobotoCondensed-LightItalic.ttf */,
				C89DEDB718E92F2A0012D73E /* RobotoCondensed-Regular.ttf */,
			);
			path = Roboto;
			sourceTree = "<group>";
		};
/* End PBXGroup section */

/* Begin PBXNativeTarget section */
		62418819187F265300B3797D /* Drakar */ = {
			isa = PBXNativeTarget;
			buildConfigurationList = 6241884C187F265300B3797D /* Build configuration list for PBXNativeTarget "Drakar" */;
			buildPhases = (
				A158DC0F2F194814B0B3D3E7 /* Check Pods Manifest.lock */,
				62418816187F265300B3797D /* Sources */,
				62418817187F265300B3797D /* Frameworks */,
				62418818187F265300B3797D /* Resources */,
				54B8255626B14A4287DE16C0 /* Copy Pods Resources */,
			);
			buildRules = (
			);
			dependencies = (
			);
			name = Drakar;
			productName = "Mobile Vikings";
			productReference = 6241881A187F265300B3797D /* Drakar.app */;
			productType = "com.apple.product-type.application";
		};
		6241883A187F265300B3797D /* DrakarTest */ = {
			isa = PBXNativeTarget;
			buildConfigurationList = 6241884F187F265300B3797D /* Build configuration list for PBXNativeTarget "DrakarTest" */;
			buildPhases = (
				62418837187F265300B3797D /* Sources */,
				62418838187F265300B3797D /* Frameworks */,
				62418839187F265300B3797D /* Resources */,
			);
			buildRules = (
			);
			dependencies = (
				62418841187F265300B3797D /* PBXTargetDependency */,
			);
			name = DrakarTest;
			productName = "Mobile VikingsTests";
			productReference = 6241883B187F265300B3797D /* DrakarTest.xctest */;
			productType = "com.apple.product-type.bundle.unit-test";
		};
/* End PBXNativeTarget section */

/* Begin PBXProject section */
		62418812187F265200B3797D /* Project object */ = {
			isa = PBXProject;
			attributes = {
				CLASSPREFIX = MV;
				LastUpgradeCheck = 0510;
				ORGANIZATIONNAME = XS4some;
				TargetAttributes = {
					62418819187F265300B3797D = {
						DevelopmentTeam = 38GDWKB44K;
						SystemCapabilities = {
							com.apple.BackgroundModes = {
								enabled = 1;
							};
							com.apple.DataProtection = {
								enabled = 1;
							};
						};
					};
					6241883A187F265300B3797D = {
						TestTargetID = 62418819187F265300B3797D;
					};
				};
			};
			buildConfigurationList = 62418815187F265200B3797D /* Build configuration list for PBXProject "Drakar" */;
			compatibilityVersion = "Xcode 3.2";
			developmentRegion = English;
			hasScannedForEncodings = 0;
			knownRegions = (
				en,
				Base,
			);
			mainGroup = 62418811187F265200B3797D;
			productRefGroup = 6241881B187F265300B3797D /* Products */;
			projectDirPath = "";
			projectRoot = "";
			targets = (
				62418819187F265300B3797D /* Drakar */,
				6241883A187F265300B3797D /* DrakarTest */,
			);
		};
/* End PBXProject section */

/* Begin PBXResourcesBuildPhase section */
		62418818187F265300B3797D /* Resources */ = {
			isa = PBXResourcesBuildPhase;
			buildActionMask = 2147483647;
			files = (
				C89DEDBC18E92F2A0012D73E /* Roboto-Bold.ttf in Resources */,
				C89DED9318E8AAE60012D73E /* Images.xcassets in Resources */,
				C89DED8E18E8AAB70012D73E /* MVSideBarViewController.xib in Resources */,
				C89DEDC818E92F2A0012D73E /* RobotoCondensed-Italic.ttf in Resources */,
				C89DEDBD18E92F2A0012D73E /* Roboto-BoldItalic.ttf in Resources */,
				C89DEDC418E92F2A0012D73E /* Roboto-Thin.ttf in Resources */,
				C89DED8C18E8AAB70012D73E /* MVPinViewController.xib in Resources */,
				C89DEDBE18E92F2A0012D73E /* Roboto-Italic.ttf in Resources */,
				C89DED8A18E8AAB70012D73E /* MVDisclaimerTableViewController.xib in Resources */,
				C89DED8818E8AAB70012D73E /* MVBalanceViewController.xib in Resources */,
				C89DEDC918E92F2A0012D73E /* RobotoCondensed-Light.ttf in Resources */,
				C89DEDB918E92F2A0012D73E /* LICENSE in Resources */,
				C89DEDC118E92F2A0012D73E /* Roboto-Medium.ttf in Resources */,
				C89DEDBB18E92F2A0012D73E /* Roboto-BlackItalic.ttf in Resources */,
				C89DED5418E8A2890012D73E /* Acknowledgements.plist in Resources */,
				C89DEDA018E92E6A0012D73E /* DrakkarTests-Info.plist in Resources */,
				C89DEDBF18E92F2A0012D73E /* Roboto-Light.ttf in Resources */,
				C89DEDB818E92F2A0012D73E /* Apache License.txt in Resources */,
				C89DEDC318E92F2A0012D73E /* Roboto-Regular.ttf in Resources */,
				C89DEDC018E92F2A0012D73E /* Roboto-LightItalic.ttf in Resources */,
				C89DEDCB18E92F2A0012D73E /* RobotoCondensed-Regular.ttf in Resources */,
				C89DEDC618E92F2A0012D73E /* RobotoCondensed-Bold.ttf in Resources */,
				C89DEDC218E92F2A0012D73E /* Roboto-MediumItalic.ttf in Resources */,
				C89DEDC718E92F2A0012D73E /* RobotoCondensed-BoldItalic.ttf in Resources */,
				C89DED8618E8AAB70012D73E /* MVActivationViewController.xib in Resources */,
				C89DEDC518E92F2A0012D73E /* Roboto-ThinItalic.ttf in Resources */,
				C89DEDCA18E92F2A0012D73E /* RobotoCondensed-LightItalic.ttf in Resources */,
				C89DEDBA18E92F2A0012D73E /* Roboto-Black.ttf in Resources */,
			);
			runOnlyForDeploymentPostprocessing = 0;
		};
		62418839187F265300B3797D /* Resources */ = {
			isa = PBXResourcesBuildPhase;
			buildActionMask = 2147483647;
			files = (
			);
			runOnlyForDeploymentPostprocessing = 0;
		};
/* End PBXResourcesBuildPhase section */

/* Begin PBXShellScriptBuildPhase section */
		54B8255626B14A4287DE16C0 /* Copy Pods Resources */ = {
			isa = PBXShellScriptBuildPhase;
			buildActionMask = 2147483647;
			files = (
			);
			inputPaths = (
			);
			name = "Copy Pods Resources";
			outputPaths = (
			);
			runOnlyForDeploymentPostprocessing = 0;
			shellPath = /bin/sh;
			shellScript = "\"${SRCROOT}/Pods/Pods-resources.sh\"\n";
			showEnvVarsInLog = 0;
		};
		A158DC0F2F194814B0B3D3E7 /* Check Pods Manifest.lock */ = {
			isa = PBXShellScriptBuildPhase;
			buildActionMask = 2147483647;
			files = (
			);
			inputPaths = (
			);
			name = "Check Pods Manifest.lock";
			outputPaths = (
			);
			runOnlyForDeploymentPostprocessing = 0;
			shellPath = /bin/sh;
			shellScript = "diff \"${PODS_ROOT}/../Podfile.lock\" \"${PODS_ROOT}/Manifest.lock\" > /dev/null\nif [[ $? != 0 ]] ; then\n    cat << EOM\nerror: The sandbox is not in sync with the Podfile.lock. Run 'pod install' or update your CocoaPods installation.\nEOM\n    exit 1\nfi\n";
			showEnvVarsInLog = 0;
		};
/* End PBXShellScriptBuildPhase section */

/* Begin PBXSourcesBuildPhase section */
		62418816187F265300B3797D /* Sources */ = {
			isa = PBXSourcesBuildPhase;
			buildActionMask = 2147483647;
			files = (
				C89DED8D18E8AAB70012D73E /* MVSideBarViewController.m in Sources */,
				C89DED8418E8AAB70012D73E /* MVTokenService.m in Sources */,
				C89DED8B18E8AAB70012D73E /* MVPinViewController.m in Sources */,
				C89DED9118E8AAD80012D73E /* MVAppDelegate.m in Sources */,
				C89DED7D18E8AAB70012D73E /* IIViewDeckController+Notifications.m in Sources */,
				C89DED8318E8AAB70012D73E /* MVRegisterService.m in Sources */,
				C89DED7C18E8AAB70012D73E /* MVLoginCell.m in Sources */,
				C89DED8218E8AAB70012D73E /* MVLoginService.m in Sources */,
				C89DED7E18E8AAB70012D73E /* UIColor+RGB.m in Sources */,
				C89DED7F18E8AAB70012D73E /* MVBalance.m in Sources */,
				C89DED8118E8AAB70012D73E /* MVBalanceService.m in Sources */,
				C89DED9818E8AB500012D73E /* main.m in Sources */,
				C89DED8518E8AAB70012D73E /* MVActivationViewController.m in Sources */,
				C89DED8718E8AAB70012D73E /* MVBalanceViewController.m in Sources */,
				C89DED8018E8AAB70012D73E /* MVUserData.m in Sources */,
				C89DED8918E8AAB70012D73E /* MVDisclaimerTableViewController.m in Sources */,
			);
			runOnlyForDeploymentPostprocessing = 0;
		};
		62418837187F265300B3797D /* Sources */ = {
			isa = PBXSourcesBuildPhase;
			buildActionMask = 2147483647;
			files = (
				C89DEDA118E92E830012D73E /* DrakarTests.m in Sources */,
			);
			runOnlyForDeploymentPostprocessing = 0;
		};
/* End PBXSourcesBuildPhase section */

/* Begin PBXTargetDependency section */
		62418841187F265300B3797D /* PBXTargetDependency */ = {
			isa = PBXTargetDependency;
			target = 62418819187F265300B3797D /* Drakar */;
			targetProxy = 62418840187F265300B3797D /* PBXContainerItemProxy */;
		};
/* End PBXTargetDependency section */

/* Begin XCBuildConfiguration section */
		6241884A187F265300B3797D /* Debug */ = {
			isa = XCBuildConfiguration;
			buildSettings = {
				ALWAYS_SEARCH_USER_PATHS = NO;
				CLANG_CXX_LANGUAGE_STANDARD = "gnu++0x";
				CLANG_CXX_LIBRARY = "libc++";
				CLANG_ENABLE_MODULES = YES;
				CLANG_ENABLE_OBJC_ARC = YES;
				CLANG_WARN_BOOL_CONVERSION = YES;
				CLANG_WARN_CONSTANT_CONVERSION = YES;
				CLANG_WARN_DIRECT_OBJC_ISA_USAGE = YES_ERROR;
				CLANG_WARN_EMPTY_BODY = YES;
				CLANG_WARN_ENUM_CONVERSION = YES;
				CLANG_WARN_INT_CONVERSION = YES;
				CLANG_WARN_OBJC_ROOT_CLASS = YES_ERROR;
				CLANG_WARN__DUPLICATE_METHOD_MATCH = YES;
				CODE_SIGN_IDENTITY = "iPhone Developer";
				"CODE_SIGN_IDENTITY[sdk=iphoneos*]" = "iPhone Developer";
				COPY_PHASE_STRIP = NO;
				GCC_C_LANGUAGE_STANDARD = gnu99;
				GCC_DYNAMIC_NO_PIC = NO;
				GCC_OPTIMIZATION_LEVEL = 0;
				GCC_PREPROCESSOR_DEFINITIONS = (
					"DEBUG=1",
					"$(inherited)",
				);
				GCC_SYMBOLS_PRIVATE_EXTERN = NO;
				GCC_WARN_64_TO_32_BIT_CONVERSION = YES;
				GCC_WARN_ABOUT_RETURN_TYPE = YES_ERROR;
				GCC_WARN_UNDECLARED_SELECTOR = YES;
				GCC_WARN_UNINITIALIZED_AUTOS = YES;
				GCC_WARN_UNUSED_FUNCTION = YES;
				GCC_WARN_UNUSED_VARIABLE = YES;
				IPHONEOS_DEPLOYMENT_TARGET = 7.0;
				ONLY_ACTIVE_ARCH = YES;
				SDKROOT = iphoneos;
				VALIDATE_PRODUCT = YES;
			};
			name = Debug;
		};
		6241884B187F265300B3797D /* Release */ = {
			isa = XCBuildConfiguration;
			buildSettings = {
				ALWAYS_SEARCH_USER_PATHS = NO;
				CLANG_CXX_LANGUAGE_STANDARD = "gnu++0x";
				CLANG_CXX_LIBRARY = "libc++";
				CLANG_ENABLE_MODULES = YES;
				CLANG_ENABLE_OBJC_ARC = YES;
				CLANG_WARN_BOOL_CONVERSION = YES;
				CLANG_WARN_CONSTANT_CONVERSION = YES;
				CLANG_WARN_DIRECT_OBJC_ISA_USAGE = YES_ERROR;
				CLANG_WARN_EMPTY_BODY = YES;
				CLANG_WARN_ENUM_CONVERSION = YES;
				CLANG_WARN_INT_CONVERSION = YES;
				CLANG_WARN_OBJC_ROOT_CLASS = YES_ERROR;
				CLANG_WARN__DUPLICATE_METHOD_MATCH = YES;
				CODE_SIGN_IDENTITY = "iPhone Distribution";
				"CODE_SIGN_IDENTITY[sdk=iphoneos*]" = "iPhone Distribution";
				COPY_PHASE_STRIP = YES;
				ENABLE_NS_ASSERTIONS = NO;
				GCC_C_LANGUAGE_STANDARD = gnu99;
				GCC_WARN_64_TO_32_BIT_CONVERSION = YES;
				GCC_WARN_ABOUT_RETURN_TYPE = YES_ERROR;
				GCC_WARN_UNDECLARED_SELECTOR = YES;
				GCC_WARN_UNINITIALIZED_AUTOS = YES;
				GCC_WARN_UNUSED_FUNCTION = YES;
				GCC_WARN_UNUSED_VARIABLE = YES;
				IPHONEOS_DEPLOYMENT_TARGET = 7.0;
				SDKROOT = iphoneos;
				VALIDATE_PRODUCT = YES;
			};
			name = Release;
		};
		6241884D187F265300B3797D /* Debug */ = {
			isa = XCBuildConfiguration;
			baseConfigurationReference = D2259AFAB9CE4086AD1B7158 /* Pods.xcconfig */;
			buildSettings = {
				ASSETCATALOG_COMPILER_APPICON_NAME = AppIcon;
				ASSETCATALOG_COMPILER_LAUNCHIMAGE_NAME = LaunchImage;
				CODE_SIGN_IDENTITY = "iPhone Developer";
				"CODE_SIGN_IDENTITY[sdk=iphoneos*]" = "iPhone Developer";
				GCC_PRECOMPILE_PREFIX_HEADER = YES;
				GCC_PREFIX_HEADER = "Drakar/Drakkar-Prefix.pch";
				INFOPLIST_FILE = "Drakar/Drakkar-Info.plist";
				IPHONEOS_DEPLOYMENT_TARGET = 7.0;
				PRODUCT_NAME = Drakar;
				PROVISIONING_PROFILE = "2EB0DB86-4CBD-450E-95D4-8B7A5879DD8C";
				TARGETED_DEVICE_FAMILY = 1;
				WRAPPER_EXTENSION = app;
			};
			name = Debug;
		};
		6241884E187F265300B3797D /* Release */ = {
			isa = XCBuildConfiguration;
			baseConfigurationReference = D2259AFAB9CE4086AD1B7158 /* Pods.xcconfig */;
			buildSettings = {
				ASSETCATALOG_COMPILER_APPICON_NAME = AppIcon;
				ASSETCATALOG_COMPILER_LAUNCHIMAGE_NAME = LaunchImage;
				CODE_SIGN_IDENTITY = "iPhone Distribution";
				"CODE_SIGN_IDENTITY[sdk=iphoneos*]" = "iPhone Distribution";
				GCC_PRECOMPILE_PREFIX_HEADER = YES;
				GCC_PREFIX_HEADER = "Drakar/Drakkar-Prefix.pch";
				INFOPLIST_FILE = "Drakar/Drakkar-Info.plist";
				IPHONEOS_DEPLOYMENT_TARGET = 7.0;
				PRODUCT_NAME = Drakar;
				PROVISIONING_PROFILE = "2EB0DB86-4CBD-450E-95D4-8B7A5879DD8C";
				TARGETED_DEVICE_FAMILY = 1;
				WRAPPER_EXTENSION = app;
			};
			name = Release;
		};
		62418850187F265300B3797D /* Debug */ = {
			isa = XCBuildConfiguration;
			buildSettings = {
				BUNDLE_LOADER = "$(BUILT_PRODUCTS_DIR)/Mobile Vikings.app/Mobile Vikings";
				FRAMEWORK_SEARCH_PATHS = (
					"$(SDKROOT)/Developer/Library/Frameworks",
					"$(inherited)",
					"$(DEVELOPER_FRAMEWORKS_DIR)",
				);
				GCC_PRECOMPILE_PREFIX_HEADER = YES;
				GCC_PREFIX_HEADER = "Mobile Vikings/Mobile Vikings-Prefix.pch";
				GCC_PREPROCESSOR_DEFINITIONS = (
					"DEBUG=1",
					"$(inherited)",
				);
				INFOPLIST_FILE = "Drakar/DrakkarTests-Info.plist";
				PRODUCT_NAME = "$(TARGET_NAME)";
				TEST_HOST = "$(BUNDLE_LOADER)";
				WRAPPER_EXTENSION = xctest;
			};
			name = Debug;
		};
		62418851187F265300B3797D /* Release */ = {
			isa = XCBuildConfiguration;
			buildSettings = {
				BUNDLE_LOADER = "$(BUILT_PRODUCTS_DIR)/Mobile Vikings.app/Mobile Vikings";
				FRAMEWORK_SEARCH_PATHS = (
					"$(SDKROOT)/Developer/Library/Frameworks",
					"$(inherited)",
					"$(DEVELOPER_FRAMEWORKS_DIR)",
				);
				GCC_PRECOMPILE_PREFIX_HEADER = YES;
				GCC_PREFIX_HEADER = "Mobile Vikings/Mobile Vikings-Prefix.pch";
				INFOPLIST_FILE = "Drakar/DrakkarTests-Info.plist";
				PRODUCT_NAME = "$(TARGET_NAME)";
				TEST_HOST = "$(BUNDLE_LOADER)";
				WRAPPER_EXTENSION = xctest;
			};
			name = Release;
		};
/* End XCBuildConfiguration section */

/* Begin XCConfigurationList section */
		62418815187F265200B3797D /* Build configuration list for PBXProject "Drakar" */ = {
			isa = XCConfigurationList;
			buildConfigurations = (
				6241884A187F265300B3797D /* Debug */,
				6241884B187F265300B3797D /* Release */,
			);
			defaultConfigurationIsVisible = 0;
			defaultConfigurationName = Release;
		};
		6241884C187F265300B3797D /* Build configuration list for PBXNativeTarget "Drakar" */ = {
			isa = XCConfigurationList;
			buildConfigurations = (
				6241884D187F265300B3797D /* Debug */,
				6241884E187F265300B3797D /* Release */,
			);
			defaultConfigurationIsVisible = 0;
			defaultConfigurationName = Release;
		};
		6241884F187F265300B3797D /* Build configuration list for PBXNativeTarget "DrakarTest" */ = {
			isa = XCConfigurationList;
			buildConfigurations = (
				62418850187F265300B3797D /* Debug */,
				62418851187F265300B3797D /* Release */,
			);
			defaultConfigurationIsVisible = 0;
			defaultConfigurationName = Release;
		};
/* End XCConfigurationList section */
	};
	rootObject = 62418812187F265200B3797D /* Project object */;
}
